<?xml version="1.0" encoding="utf-8"?>
<Project ToolsVersion="4.0" xmlns="http://schemas.microsoft.com/developer/msbuild/2003">
  <ItemGroup>
    <Filter Include="Source Files">
      <UniqueIdentifier>{4FC737F1-C7A5-4376-A066-2A32D752A2FF}</UniqueIdentifier>
      <Extensions>cpp;c;cc;cxx;def;odl;idl;hpj;bat;asm;asmx</Extensions>
    </Filter>
    <Filter Include="Header Files">
      <UniqueIdentifier>{93995380-89BD-4b04-88EB-625FBE52EBFB}</UniqueIdentifier>
      <Extensions>h;hpp;hxx;hm;inl;inc;xsd</Extensions>
    </Filter>
    <Filter Include="Resource Files">
      <UniqueIdentifier>{67DA6AB6-F800-4c08-8B7A-83BB121AAD01}</UniqueIdentifier>
      <Extensions>rc;ico;cur;bmp;dlg;rc2;rct;bin;rgs;gif;jpg;jpeg;jpe;resx;tiff;tif;png;wav;mfcribbon-ms</Extensions>
    </Filter>
    <Filter Include="Header Files\Configs">
      <UniqueIdentifier>{6174a39f-8032-4ed6-8b52-6ad8d2448feb}</UniqueIdentifier>
    </Filter>
    <Filter Include="Source Files\Configs">
      <UniqueIdentifier>{01230bb9-af65-49fa-a745-a41b369cb62d}</UniqueIdentifier>
    </Filter>
    <Filter Include="Source Files\Canvas">
      <UniqueIdentifier>{62b76644-cd92-4973-be00-fa96883bf46e}</UniqueIdentifier>
    </Filter>
    <Filter Include="Header Files\Job">
      <UniqueIdentifier>{3865d8bc-e281-4a58-871b-12f166d77b33}</UniqueIdentifier>
    </Filter>
    <Filter Include="Header Files\States">
      <UniqueIdentifier>{8fda14a1-acb4-4757-a0ab-52494cc1dbaf}</UniqueIdentifier>
    </Filter>
    <Filter Include="Source Files\States">
      <UniqueIdentifier>{c24cb5cb-c02c-4fcc-89d2-d511e7616a56}</UniqueIdentifier>
    </Filter>
  </ItemGroup>
  <ItemGroup>
    <ClCompile Include="EventTimer.cpp">
      <Filter>Source Files</Filter>
    </ClCompile>
    <ClCompile Include="Trigonometry.cpp">
      <Filter>Source Files</Filter>
    </ClCompile>
    <ClCompile Include="Display.cpp">
      <Filter>Source Files</Filter>
    </ClCompile>
    <ClCompile Include="SFMLWindow.cpp">
      <Filter>Source Files</Filter>
    </ClCompile>
    <ClCompile Include="AnimationLoader.cpp">
      <Filter>Source Files\Configs</Filter>
    </ClCompile>
    <ClCompile Include="ConfigSingleton.cpp">
      <Filter>Source Files\Configs</Filter>
    </ClCompile>
    <ClCompile Include="Config.cpp">
      <Filter>Source Files\Configs</Filter>
    </ClCompile>
    <ClCompile Include="DynamicImage.cpp">
      <Filter>Source Files\Configs</Filter>
    </ClCompile>
    <ClCompile Include="DynamicImageLoader.cpp">
      <Filter>Source Files\Configs</Filter>
    </ClCompile>
    <ClCompile Include="ImageLoader.cpp">
      <Filter>Source Files\Configs</Filter>
    </ClCompile>
    <ClCompile Include="tinyxmlerror.cpp">
      <Filter>Source Files\Configs</Filter>
    </ClCompile>
    <ClCompile Include="tinyxml.cpp">
      <Filter>Source Files\Configs</Filter>
    </ClCompile>
    <ClCompile Include="tinystr.cpp">
      <Filter>Source Files\Configs</Filter>
    </ClCompile>
    <ClCompile Include="tinyxmlparser.cpp">
      <Filter>Source Files\Configs</Filter>
    </ClCompile>
    <ClCompile Include="main.cpp">
      <Filter>Source Files</Filter>
    </ClCompile>
    <ClCompile Include="Player.cpp">
      <Filter>Source Files</Filter>
    </ClCompile>
    <ClCompile Include="Box.cpp">
      <Filter>Source Files</Filter>
    </ClCompile>
    <ClCompile Include="GameObject.cpp">
      <Filter>Source Files</Filter>
    </ClCompile>
    <ClCompile Include="Input.cpp">
      <Filter>Source Files</Filter>
    </ClCompile>
    <ClCompile Include="StrategyKeys.cpp">
      <Filter>Source Files</Filter>
    </ClCompile>
    <ClCompile Include="StrategyKeysAndMouse.cpp">
      <Filter>Source Files</Filter>
    </ClCompile>
    <ClCompile Include="Collidable.cpp">
      <Filter>Source Files</Filter>
    </ClCompile>
    <ClCompile Include="ColliderComponent.cpp">
      <Filter>Source Files</Filter>
    </ClCompile>
    <ClCompile Include="CollisionHandler.cpp">
      <Filter>Source Files</Filter>
    </ClCompile>
    <ClCompile Include="NonCollidable.cpp">
      <Filter>Source Files</Filter>
    </ClCompile>
    <ClCompile Include="StaticObject.cpp">
      <Filter>Source Files</Filter>
    </ClCompile>
    <ClCompile Include="Floof.cpp">
      <Filter>Source Files</Filter>
    </ClCompile>
    <ClCompile Include="LevelCreator.cpp">
      <Filter>Source Files</Filter>
    </ClCompile>
    <ClCompile Include="CharacterLoader.cpp">
      <Filter>Source Files\Configs</Filter>
    </ClCompile>
    <ClCompile Include="Push.cpp">
      <Filter>Source Files</Filter>
    </ClCompile>
    <ClCompile Include="Border.cpp">
      <Filter>Source Files</Filter>
    </ClCompile>
    <ClCompile Include="Job.cpp">
      <Filter>Source Files\Canvas</Filter>
    </ClCompile>
    <ClCompile Include="Canvas.cpp">
      <Filter>Source Files\Canvas</Filter>
    </ClCompile>
    <ClCompile Include="AnimationJob.cpp">
      <Filter>Source Files\Canvas</Filter>
    </ClCompile>
    <ClCompile Include="DebugTextJob.cpp">
      <Filter>Source Files\Canvas</Filter>
    </ClCompile>
    <ClCompile Include="DynamicImageJob.cpp">
      <Filter>Source Files\Canvas</Filter>
    </ClCompile>
    <ClCompile Include="SimpleImageJob.cpp">
      <Filter>Source Files\Canvas</Filter>
    </ClCompile>
    <ClCompile Include="StateHandler.cpp">
      <Filter>Source Files\States</Filter>
    </ClCompile>
    <ClCompile Include="State.cpp">
      <Filter>Source Files\States</Filter>
    </ClCompile>
    <ClCompile Include="Game.cpp">
      <Filter>Source Files\States</Filter>
    </ClCompile>
  </ItemGroup>
  <ItemGroup>
    <ClInclude Include="EventTimer.h">
      <Filter>Header Files</Filter>
    </ClInclude>
    <ClInclude Include="Display.h">
      <Filter>Header Files</Filter>
    </ClInclude>
    <ClInclude Include="SFMLWindow.h">
      <Filter>Header Files</Filter>
    </ClInclude>
    <ClInclude Include="Animation.h">
      <Filter>Header Files\Configs</Filter>
    </ClInclude>
    <ClInclude Include="AnimationLoader.h">
      <Filter>Header Files\Configs</Filter>
    </ClInclude>
    <ClInclude Include="ConfigLoader.h">
      <Filter>Header Files\Configs</Filter>
    </ClInclude>
    <ClInclude Include="ConfigSingleton.h">
      <Filter>Header Files\Configs</Filter>
    </ClInclude>
    <ClInclude Include="Config.h">
      <Filter>Header Files\Configs</Filter>
    </ClInclude>
    <ClInclude Include="DynamicImage.h">
      <Filter>Header Files\Configs</Filter>
    </ClInclude>
    <ClInclude Include="DynamicImageLoader.h">
      <Filter>Header Files\Configs</Filter>
    </ClInclude>
    <ClInclude Include="ImageLoader.h">
      <Filter>Header Files\Configs</Filter>
    </ClInclude>
    <ClInclude Include="Image.h">
      <Filter>Header Files\Configs</Filter>
    </ClInclude>
    <ClInclude Include="tinystr.h">
      <Filter>Header Files\Configs</Filter>
    </ClInclude>
    <ClInclude Include="tinyxml.h">
      <Filter>Header Files\Configs</Filter>
    </ClInclude>
    <ClInclude Include="Player.h">
      <Filter>Header Files</Filter>
    </ClInclude>
    <ClInclude Include="Box.h">
      <Filter>Header Files</Filter>
    </ClInclude>
    <ClInclude Include="GameObject.h">
      <Filter>Header Files</Filter>
    </ClInclude>
    <ClInclude Include="Input.h">
      <Filter>Header Files</Filter>
    </ClInclude>
    <ClInclude Include="InputStrategy.h">
      <Filter>Header Files</Filter>
    </ClInclude>
    <ClInclude Include="StrategyKeys.h">
      <Filter>Header Files</Filter>
    </ClInclude>
    <ClInclude Include="StrategyKeysAndMouse.h">
      <Filter>Header Files</Filter>
    </ClInclude>
    <ClInclude Include="AngleVec.h">
      <Filter>Header Files</Filter>
    </ClInclude>
    <ClInclude Include="Collidable.h">
      <Filter>Header Files</Filter>
    </ClInclude>
    <ClInclude Include="ColliderComponent.h">
      <Filter>Header Files</Filter>
    </ClInclude>
    <ClInclude Include="CollisionHandler.h">
      <Filter>Header Files</Filter>
    </ClInclude>
    <ClInclude Include="NonCollidable.h">
      <Filter>Header Files</Filter>
    </ClInclude>
    <ClInclude Include="StaticObject.h">
      <Filter>Header Files</Filter>
    </ClInclude>
    <ClInclude Include="Floof.h">
      <Filter>Header Files</Filter>
    </ClInclude>
    <ClInclude Include="LevelCreator.h">
      <Filter>Header Files</Filter>
    </ClInclude>
    <ClInclude Include="CharacterLoader.h">
      <Filter>Header Files\Configs</Filter>
    </ClInclude>
    <ClInclude Include="Push.h">
      <Filter>Header Files</Filter>
    </ClInclude>
    <ClInclude Include="Collision.h">
      <Filter>Header Files</Filter>
    </ClInclude>
    <ClInclude Include="Border.h">
      <Filter>Header Files</Filter>
    </ClInclude>
    <ClInclude Include="AnimationJob.h">
      <Filter>Header Files\Job</Filter>
    </ClInclude>
    <ClInclude Include="Canvas.h">
      <Filter>Header Files\Job</Filter>
    </ClInclude>
    <ClInclude Include="DebugTextJob.h">
      <Filter>Header Files\Job</Filter>
    </ClInclude>
    <ClInclude Include="Job.h">
      <Filter>Header Files\Job</Filter>
    </ClInclude>
    <ClInclude Include="DynamicImageJob.h">
      <Filter>Header Files\Job</Filter>
    </ClInclude>
    <ClInclude Include="SimpleImageJob.h">
      <Filter>Header Files\Job</Filter>
    </ClInclude>
    <ClInclude Include="StateHandler.h">
      <Filter>Header Files\States</Filter>
    </ClInclude>
    <ClInclude Include="State.h">
      <Filter>Header Files\States</Filter>
    </ClInclude>
    <ClInclude Include="Game.h">
      <Filter>Header Files\States</Filter>
    </ClInclude>
    <ClInclude Include="Trigonometry.h">
      <Filter>Header Files</Filter>
    </ClInclude>
  </ItemGroup>
  <ItemGroup>
    <None Include="config.xml">
      <Filter>Resource Files</Filter>
    </None>
    <None Include="testconfig.xml">
      <Filter>Resource Files</Filter>
    </None>
  </ItemGroup>
</Project>